{
    "_meta": {
        "hash": {
            "sha256": "0c37caaa3b3591f6ba80f58e8f1caafba8771d48f28cecc71c348a99031fce07"
        },
        "pipfile-spec": 6,
        "requires": {
            "python_version": "3.7"
        },
        "sources": [
            {
                "name": "pypi",
                "url": "https://pypi.org/simple",
                "verify_ssl": true
            }
        ]
    },
    "default": {},
    "develop": {}
}
